
Microsoft Visual Studio Solution File, Format Version 12.00
# Visual Studio Version 16
VisualStudioVersion = 16.0.29102.190
MinimumVisualStudioVersion = 10.0.40219.1
Project("{9A19103F-16F7-4668-BE54-9A1E7A4F7556}") = "GitHub.Webhooks", "GitHub.Webhooks\GitHub.Webhooks.csproj", "{A102116C-C294-434D-948C-DF6A3325575D}"
EndProject
Project("{FAE04EC0-301F-11D3-BF4B-00C04F79EFBC}") = "GitHub.Webhooks.Example", "GitHub.Webhooks.Example\GitHub.Webhooks.Example.csproj", "{86125ED1-4C0B-43DC-A92C-2CB7A9BF2323}"
EndProject
Global
	GlobalSection(SolutionConfigurationPlatforms) = preSolution
		Debug|Any CPU = Debug|Any CPU
		Release|Any CPU = Release|Any CPU
	EndGlobalSection
	GlobalSection(ProjectConfigurationPlatforms) = postSolution
		{A102116C-C294-434D-948C-DF6A3325575D}.Debug|Any CPU.ActiveCfg = Debug|Any CPU
		{A102116C-C294-434D-948C-DF6A3325575D}.Debug|Any CPU.Build.0 = Debug|Any CPU
		{A102116C-C294-434D-948C-DF6A3325575D}.Release|Any CPU.ActiveCfg = Release|Any CPU
		{A102116C-C294-434D-948C-DF6A3325575D}.Release|Any CPU.Build.0 = Release|Any CPU
		{86125ED1-4C0B-43DC-A92C-2CB7A9BF2323}.Debug|Any CPU.ActiveCfg = Debug|Any CPU
		{86125ED1-4C0B-43DC-A92C-2CB7A9BF2323}.Debug|Any CPU.Build.0 = Debug|Any CPU
		{86125ED1-4C0B-43DC-A92C-2CB7A9BF2323}.Release|Any CPU.ActiveCfg = Release|Any CPU
		{86125ED1-4C0B-43DC-A92C-2CB7A9BF2323}.Release|Any CPU.Build.0 = Release|Any CPU
	EndGlobalSection
	GlobalSection(SolutionProperties) = preSolution
		HideSolutionNode = FALSE
	EndGlobalSection
	GlobalSection(ExtensibilityGlobals) = postSolution
		SolutionGuid = {84AA9311-2A23-404D-B230-424B1091B4DD}
	EndGlobalSection
EndGlobal
